// !$*UTF8*$!
{
	archiveVersion = 1;
	classes = {
	};
	objectVersion = 46;
	objects = {

/* Begin PBXBuildFile section */
		304DA1FF15BD01FB00C7F9BF /* JMStatefulTableViewController.m in Sources */ = {isa = PBXBuildFile; fileRef = 304DA1F815BD01FB00C7F9BF /* JMStatefulTableViewController.m */; };
		304DA20015BD01FB00C7F9BF /* JMStatefulTableViewEmptyView.m in Sources */ = {isa = PBXBuildFile; fileRef = 304DA1FA15BD01FB00C7F9BF /* JMStatefulTableViewEmptyView.m */; };
		304DA20115BD01FB00C7F9BF /* JMStatefulTableViewErrorView.m in Sources */ = {isa = PBXBuildFile; fileRef = 304DA1FC15BD01FB00C7F9BF /* JMStatefulTableViewErrorView.m */; };
		304DA20215BD01FB00C7F9BF /* JMStatefulTableViewLoadingView.m in Sources */ = {isa = PBXBuildFile; fileRef = 304DA1FE15BD01FB00C7F9BF /* JMStatefulTableViewLoadingView.m */; };
		30BD9BE01553077A006B103A /* DemoTableViewController.m in Sources */ = {isa = PBXBuildFile; fileRef = 30BD9BDF1553077A006B103A /* DemoTableViewController.m */; };
		30CAA0E11552CA980010293B /* UIKit.framework in Frameworks */ = {isa = PBXBuildFile; fileRef = 30CAA0E01552CA980010293B /* UIKit.framework */; };
		30CAA0E31552CA980010293B /* Foundation.framework in Frameworks */ = {isa = PBXBuildFile; fileRef = 30CAA0E21552CA980010293B /* Foundation.framework */; };
		30CAA0E51552CA980010293B /* CoreGraphics.framework in Frameworks */ = {isa = PBXBuildFile; fileRef = 30CAA0E41552CA980010293B /* CoreGraphics.framework */; };
		30CAA0EB1552CA980010293B /* InfoPlist.strings in Resources */ = {isa = PBXBuildFile; fileRef = 30CAA0E91552CA980010293B /* InfoPlist.strings */; };
		30CAA0ED1552CA980010293B /* main.m in Sources */ = {isa = PBXBuildFile; fileRef = 30CAA0EC1552CA980010293B /* main.m */; };
		30CAA0F11552CA980010293B /* AppDelegate.m in Sources */ = {isa = PBXBuildFile; fileRef = 30CAA0F01552CA980010293B /* AppDelegate.m */; };
		C7656E72079147278CF8996A /* libPods.a in Frameworks */ = {isa = PBXBuildFile; fileRef = 6FE64582D301446980CC3EFE /* libPods.a */; };
/* End PBXBuildFile section */

/* Begin PBXFileReference section */
		304DA1F715BD01FB00C7F9BF /* JMStatefulTableViewController.h */ = {isa = PBXFileReference; fileEncoding = 4; lastKnownFileType = sourcecode.c.h; path = JMStatefulTableViewController.h; sourceTree = "<group>"; };
		304DA1F815BD01FB00C7F9BF /* JMStatefulTableViewController.m */ = {isa = PBXFileReference; fileEncoding = 4; lastKnownFileType = sourcecode.c.objc; path = JMStatefulTableViewController.m; sourceTree = "<group>"; };
		304DA1F915BD01FB00C7F9BF /* JMStatefulTableViewEmptyView.h */ = {isa = PBXFileReference; fileEncoding = 4; lastKnownFileType = sourcecode.c.h; path = JMStatefulTableViewEmptyView.h; sourceTree = "<group>"; };
		304DA1FA15BD01FB00C7F9BF /* JMStatefulTableViewEmptyView.m */ = {isa = PBXFileReference; fileEncoding = 4; lastKnownFileType = sourcecode.c.objc; path = JMStatefulTableViewEmptyView.m; sourceTree = "<group>"; };
		304DA1FB15BD01FB00C7F9BF /* JMStatefulTableViewErrorView.h */ = {isa = PBXFileReference; fileEncoding = 4; lastKnownFileType = sourcecode.c.h; path = JMStatefulTableViewErrorView.h; sourceTree = "<group>"; };
		304DA1FC15BD01FB00C7F9BF /* JMStatefulTableViewErrorView.m */ = {isa = PBXFileReference; fileEncoding = 4; lastKnownFileType = sourcecode.c.objc; path = JMStatefulTableViewErrorView.m; sourceTree = "<group>"; };
		304DA1FD15BD01FB00C7F9BF /* JMStatefulTableViewLoadingView.h */ = {isa = PBXFileReference; fileEncoding = 4; lastKnownFileType = sourcecode.c.h; path = JMStatefulTableViewLoadingView.h; sourceTree = "<group>"; };
		304DA1FE15BD01FB00C7F9BF /* JMStatefulTableViewLoadingView.m */ = {isa = PBXFileReference; fileEncoding = 4; lastKnownFileType = sourcecode.c.objc; path = JMStatefulTableViewLoadingView.m; sourceTree = "<group>"; };
		30BD9BDE1553077A006B103A /* DemoTableViewController.h */ = {isa = PBXFileReference; fileEncoding = 4; lastKnownFileType = sourcecode.c.h; path = DemoTableViewController.h; sourceTree = "<group>"; };
		30BD9BDF1553077A006B103A /* DemoTableViewController.m */ = {isa = PBXFileReference; fileEncoding = 4; lastKnownFileType = sourcecode.c.objc; path = DemoTableViewController.m; sourceTree = "<group>"; };
		30CAA0DC1552CA980010293B /* JMStatefulTableViewControllerDemo.app */ = {isa = PBXFileReference; explicitFileType = wrapper.application; includeInIndex = 0; path = JMStatefulTableViewControllerDemo.app; sourceTree = BUILT_PRODUCTS_DIR; };
		30CAA0E01552CA980010293B /* UIKit.framework */ = {isa = PBXFileReference; lastKnownFileType = wrapper.framework; name = UIKit.framework; path = System/Library/Frameworks/UIKit.framework; sourceTree = SDKROOT; };
		30CAA0E21552CA980010293B /* Foundation.framework */ = {isa = PBXFileReference; lastKnownFileType = wrapper.framework; name = Foundation.framework; path = System/Library/Frameworks/Foundation.framework; sourceTree = SDKROOT; };
		30CAA0E41552CA980010293B /* CoreGraphics.framework */ = {isa = PBXFileReference; lastKnownFileType = wrapper.framework; name = CoreGraphics.framework; path = System/Library/Frameworks/CoreGraphics.framework; sourceTree = SDKROOT; };
		30CAA0E81552CA980010293B /* JMStatefulTableViewControllerDemo-Info.plist */ = {isa = PBXFileReference; lastKnownFileType = text.plist.xml; path = "JMStatefulTableViewControllerDemo-Info.plist"; sourceTree = "<group>"; };
		30CAA0EA1552CA980010293B /* en */ = {isa = PBXFileReference; lastKnownFileType = text.plist.strings; name = en; path = en.lproj/InfoPlist.strings; sourceTree = "<group>"; };
		30CAA0EC1552CA980010293B /* main.m */ = {isa = PBXFileReference; lastKnownFileType = sourcecode.c.objc; path = main.m; sourceTree = "<group>"; };
		30CAA0EE1552CA980010293B /* JMStatefulTableViewControllerDemo-Prefix.pch */ = {isa = PBXFileReference; lastKnownFileType = sourcecode.c.h; path = "JMStatefulTableViewControllerDemo-Prefix.pch"; sourceTree = "<group>"; };
		30CAA0EF1552CA980010293B /* AppDelegate.h */ = {isa = PBXFileReference; lastKnownFileType = sourcecode.c.h; path = AppDelegate.h; sourceTree = "<group>"; };
		30CAA0F01552CA980010293B /* AppDelegate.m */ = {isa = PBXFileReference; lastKnownFileType = sourcecode.c.objc; path = AppDelegate.m; sourceTree = "<group>"; };
		6FE64582D301446980CC3EFE /* libPods.a */ = {isa = PBXFileReference; explicitFileType = archive.ar; includeInIndex = 0; path = libPods.a; sourceTree = BUILT_PRODUCTS_DIR; };
		E6CF65DC10EE494FA0570F0C /* Pods.xcconfig */ = {isa = PBXFileReference; lastKnownFileType = text.xcconfig; name = Pods.xcconfig; path = Pods/Pods.xcconfig; sourceTree = SOURCE_ROOT; };
/* End PBXFileReference section */

/* Begin PBXFrameworksBuildPhase section */
		30CAA0D91552CA980010293B /* Frameworks */ = {
			isa = PBXFrameworksBuildPhase;
			buildActionMask = 2147483647;
			files = (
				30CAA0E11552CA980010293B /* UIKit.framework in Frameworks */,
				30CAA0E31552CA980010293B /* Foundation.framework in Frameworks */,
				30CAA0E51552CA980010293B /* CoreGraphics.framework in Frameworks */,
				C7656E72079147278CF8996A /* libPods.a in Frameworks */,
			);
			runOnlyForDeploymentPostprocessing = 0;
		};
/* End PBXFrameworksBuildPhase section */

/* Begin PBXGroup section */
		304DA1F615BD01FB00C7F9BF /* JMStatefulTableViewController */ = {
			isa = PBXGroup;
			children = (
				304DA1F715BD01FB00C7F9BF /* JMStatefulTableViewController.h */,
				304DA1F815BD01FB00C7F9BF /* JMStatefulTableViewController.m */,
				304DA1F915BD01FB00C7F9BF /* JMStatefulTableViewEmptyView.h */,
				304DA1FA15BD01FB00C7F9BF /* JMStatefulTableViewEmptyView.m */,
				304DA1FB15BD01FB00C7F9BF /* JMStatefulTableViewErrorView.h */,
				304DA1FC15BD01FB00C7F9BF /* JMStatefulTableViewErrorView.m */,
				304DA1FD15BD01FB00C7F9BF /* JMStatefulTableViewLoadingView.h */,
				304DA1FE15BD01FB00C7F9BF /* JMStatefulTableViewLoadingView.m */,
			);
			path = JMStatefulTableViewController;
			sourceTree = SOURCE_ROOT;
		};
		30CAA0D11552CA970010293B = {
			isa = PBXGroup;
			children = (
				30CAA0E61552CA980010293B /* JMStatefulTableViewControllerDemo */,
				30CAA0DF1552CA980010293B /* Frameworks */,
				30CAA0DD1552CA980010293B /* Products */,
				E6CF65DC10EE494FA0570F0C /* Pods.xcconfig */,
			);
			sourceTree = "<group>";
		};
		30CAA0DD1552CA980010293B /* Products */ = {
			isa = PBXGroup;
			children = (
				30CAA0DC1552CA980010293B /* JMStatefulTableViewControllerDemo.app */,
			);
			name = Products;
			sourceTree = "<group>";
		};
		30CAA0DF1552CA980010293B /* Frameworks */ = {
			isa = PBXGroup;
			children = (
				30CAA0E01552CA980010293B /* UIKit.framework */,
				30CAA0E21552CA980010293B /* Foundation.framework */,
				30CAA0E41552CA980010293B /* CoreGraphics.framework */,
				6FE64582D301446980CC3EFE /* libPods.a */,
			);
			name = Frameworks;
			sourceTree = "<group>";
		};
		30CAA0E61552CA980010293B /* JMStatefulTableViewControllerDemo */ = {
			isa = PBXGroup;
			children = (
				30CAA0EF1552CA980010293B /* AppDelegate.h */,
				30CAA0F01552CA980010293B /* AppDelegate.m */,
				30BD9BDE1553077A006B103A /* DemoTableViewController.h */,
				30BD9BDF1553077A006B103A /* DemoTableViewController.m */,
				304DA1F615BD01FB00C7F9BF /* JMStatefulTableViewController */,
				30CAA0E71552CA980010293B /* Supporting Files */,
			);
			path = JMStatefulTableViewControllerDemo;
			sourceTree = "<group>";
		};
		30CAA0E71552CA980010293B /* Supporting Files */ = {
			isa = PBXGroup;
			children = (
				30CAA0E81552CA980010293B /* JMStatefulTableViewControllerDemo-Info.plist */,
				30CAA0E91552CA980010293B /* InfoPlist.strings */,
				30CAA0EC1552CA980010293B /* main.m */,
				30CAA0EE1552CA980010293B /* JMStatefulTableViewControllerDemo-Prefix.pch */,
			);
			name = "Supporting Files";
			sourceTree = "<group>";
		};
/* End PBXGroup section */

/* Begin PBXNativeTarget section */
		30CAA0DB1552CA980010293B /* JMStatefulTableViewControllerDemo */ = {
			isa = PBXNativeTarget;
			buildConfigurationList = 30CAA0F41552CA980010293B /* Build configuration list for PBXNativeTarget "JMStatefulTableViewControllerDemo" */;
			buildPhases = (
				30CAA0D81552CA980010293B /* Sources */,
				30CAA0D91552CA980010293B /* Frameworks */,
				30CAA0DA1552CA980010293B /* Resources */,
				72BA84FB7A6C4869992B1394 /* Copy Pods Resources */,
			);
			buildRules = (
			);
			dependencies = (
			);
			name = JMStatefulTableViewControllerDemo;
			productName = JMStatefulTableViewControllerDemo;
			productReference = 30CAA0DC1552CA980010293B /* JMStatefulTableViewControllerDemo.app */;
			productType = "com.apple.product-type.application";
		};
/* End PBXNativeTarget section */

/* Begin PBXProject section */
		30CAA0D31552CA970010293B /* Project object */ = {
			isa = PBXProject;
			attributes = {
				CLASSPREFIX = JM;
				LastUpgradeCheck = 0430;
				ORGANIZATIONNAME = "Rubber Duck Software";
			};
			buildConfigurationList = 30CAA0D61552CA970010293B /* Build configuration list for PBXProject "JMStatefulTableViewControllerDemo" */;
			compatibilityVersion = "Xcode 3.2";
			developmentRegion = English;
			hasScannedForEncodings = 0;
			knownRegions = (
				en,
			);
			mainGroup = 30CAA0D11552CA970010293B;
			productRefGroup = 30CAA0DD1552CA980010293B /* Products */;
			projectDirPath = "";
			projectRoot = "";
			targets = (
				30CAA0DB1552CA980010293B /* JMStatefulTableViewControllerDemo */,
			);
		};
/* End PBXProject section */

/* Begin PBXResourcesBuildPhase section */
		30CAA0DA1552CA980010293B /* Resources */ = {
			isa = PBXResourcesBuildPhase;
			buildActionMask = 2147483647;
			files = (
				30CAA0EB1552CA980010293B /* InfoPlist.strings in Resources */,
			);
			runOnlyForDeploymentPostprocessing = 0;
		};
/* End PBXResourcesBuildPhase section */

/* Begin PBXShellScriptBuildPhase section */
		72BA84FB7A6C4869992B1394 /* Copy Pods Resources */ = {
			isa = PBXShellScriptBuildPhase;
			buildActionMask = 2147483647;
			files = (
			);
			inputPaths = (
			);
			name = "Copy Pods Resources";
			outputPaths = (
			);
			runOnlyForDeploymentPostprocessing = 0;
			shellPath = /bin/sh;
			shellScript = "\"${SRCROOT}/Pods/Pods-resources.sh\"\n";
		};
/* End PBXShellScriptBuildPhase section */

/* Begin PBXSourcesBuildPhase section */
		30CAA0D81552CA980010293B /* Sources */ = {
			isa = PBXSourcesBuildPhase;
			buildActionMask = 2147483647;
			files = (
				30CAA0ED1552CA980010293B /* main.m in Sources */,
				30CAA0F11552CA980010293B /* AppDelegate.m in Sources */,
				30BD9BE01553077A006B103A /* DemoTableViewController.m in Sources */,
				304DA1FF15BD01FB00C7F9BF /* JMStatefulTableViewController.m in Sources */,
				304DA20015BD01FB00C7F9BF /* JMStatefulTableViewEmptyView.m in Sources */,
				304DA20115BD01FB00C7F9BF /* JMStatefulTableViewErrorView.m in Sources */,
				304DA20215BD01FB00C7F9BF /* JMStatefulTableViewLoadingView.m in Sources */,
			);
			runOnlyForDeploymentPostprocessing = 0;
		};
/* End PBXSourcesBuildPhase section */

/* Begin PBXVariantGroup section */
		30CAA0E91552CA980010293B /* InfoPlist.strings */ = {
			isa = PBXVariantGroup;
			children = (
				30CAA0EA1552CA980010293B /* en */,
			);
			name = InfoPlist.strings;
			sourceTree = "<group>";
		};
/* End PBXVariantGroup section */

/* Begin XCBuildConfiguration section */
		30CAA0F21552CA980010293B /* Debug */ = {
			isa = XCBuildConfiguration;
			buildSettings = {
				ALWAYS_SEARCH_USER_PATHS = NO;
				ARCHS = "$(ARCHS_STANDARD_32_BIT)";
				"CODE_SIGN_IDENTITY[sdk=iphoneos*]" = "iPhone Developer";
				COPY_PHASE_STRIP = NO;
				GCC_C_LANGUAGE_STANDARD = gnu99;
				GCC_DYNAMIC_NO_PIC = NO;
				GCC_OPTIMIZATION_LEVEL = 0;
				GCC_PREPROCESSOR_DEFINITIONS = (
					"DEBUG=1",
					"$(inherited)",
				);
				GCC_SYMBOLS_PRIVATE_EXTERN = NO;
				GCC_VERSION = com.apple.compilers.llvm.clang.1_0;
				GCC_WARN_ABOUT_RETURN_TYPE = YES;
				GCC_WARN_UNINITIALIZED_AUTOS = YES;
				GCC_WARN_UNUSED_VARIABLE = YES;
				IPHONEOS_DEPLOYMENT_TARGET = 5.1;
				SDKROOT = iphoneos;
			};
			name = Debug;
		};
		30CAA0F31552CA980010293B /* Release */ = {
			isa = XCBuildConfiguration;
			buildSettings = {
				ALWAYS_SEARCH_USER_PATHS = NO;
				ARCHS = "$(ARCHS_STANDARD_32_BIT)";
				"CODE_SIGN_IDENTITY[sdk=iphoneos*]" = "iPhone Developer";
				COPY_PHASE_STRIP = YES;
				GCC_C_LANGUAGE_STANDARD = gnu99;
				GCC_VERSION = com.apple.compilers.llvm.clang.1_0;
				GCC_WARN_ABOUT_RETURN_TYPE = YES;
				GCC_WARN_UNINITIALIZED_AUTOS = YES;
				GCC_WARN_UNUSED_VARIABLE = YES;
				IPHONEOS_DEPLOYMENT_TARGET = 5.1;
				OTHER_CFLAGS = "-DNS_BLOCK_ASSERTIONS=1";
				SDKROOT = iphoneos;
				VALIDATE_PRODUCT = YES;
			};
			name = Release;
		};
		30CAA0F51552CA980010293B /* Debug */ = {
			isa = XCBuildConfiguration;
			baseConfigurationReference = E6CF65DC10EE494FA0570F0C /* Pods.xcconfig */;
			buildSettings = {
				CLANG_ENABLE_OBJC_ARC = YES;
				DSTROOT = /tmp/xcodeproj.dst;
				GCC_PRECOMPILE_PREFIX_HEADER = YES;
				GCC_PREFIX_HEADER = "JMStatefulTableViewControllerDemo/JMStatefulTableViewControllerDemo-Prefix.pch";
				GCC_VERSION = com.apple.compilers.llvm.clang.1_0;
				INFOPLIST_FILE = "JMStatefulTableViewControllerDemo/JMStatefulTableViewControllerDemo-Info.plist";
				IPHONEOS_DEPLOYMENT_TARGET = 5.0;
				PRODUCT_NAME = "$(TARGET_NAME)";
				SKIP_INSTALL = YES;
				WRAPPER_EXTENSION = app;
			};
			name = Debug;
		};
		30CAA0F61552CA980010293B /* Release */ = {
			isa = XCBuildConfiguration;
			baseConfigurationReference = E6CF65DC10EE494FA0570F0C /* Pods.xcconfig */;
			buildSettings = {
				CLANG_ENABLE_OBJC_ARC = YES;
				DSTROOT = /tmp/xcodeproj.dst;
				GCC_PRECOMPILE_PREFIX_HEADER = YES;
				GCC_PREFIX_HEADER = "JMStatefulTableViewControllerDemo/JMStatefulTableViewControllerDemo-Prefix.pch";
				GCC_VERSION = com.apple.compilers.llvm.clang.1_0;
				INFOPLIST_FILE = "JMStatefulTableViewControllerDemo/JMStatefulTableViewControllerDemo-Info.plist";
				IPHONEOS_DEPLOYMENT_TARGET = 5.0;
				PRODUCT_NAME = "$(TARGET_NAME)";
				SKIP_INSTALL = YES;
				WRAPPER_EXTENSION = app;
			};
			name = Release;
		};
/* End XCBuildConfiguration section */

/* Begin XCConfigurationList section */
		30CAA0D61552CA970010293B /* Build configuration list for PBXProject "JMStatefulTableViewControllerDemo" */ = {
			isa = XCConfigurationList;
			buildConfigurations = (
				30CAA0F21552CA980010293B /* Debug */,
				30CAA0F31552CA980010293B /* Release */,
			);
			defaultConfigurationIsVisible = 0;
			defaultConfigurationName = Release;
		};
		30CAA0F41552CA980010293B /* Build configuration list for PBXNativeTarget "JMStatefulTableViewControllerDemo" */ = {
			isa = XCConfigurationList;
			buildConfigurations = (
				30CAA0F51552CA980010293B /* Debug */,
				30CAA0F61552CA980010293B /* Release */,
			);
			defaultConfigurationIsVisible = 0;
			defaultConfigurationName = Release;
		};
/* End XCConfigurationList section */
	};
	rootObject = 30CAA0D31552CA970010293B /* Project object */;
}
